{
  "version": 2,
  "dependencies": {
    "native,Version=v0.0": {
      "Microsoft.Web.WebView2": {
        "type": "Direct",
        "requested": "[1.0.4258.31, )",
        "resolved": "1.0.4258.31",
        "contentHash": "sHVZ2MQrHT1J3q5/6csn0fIP27rzpTO/RRC+wPQDrZheB7T4t2n+vVbY6SdCKr4WRV9s/gmBM3PPMWWJtoDzMg=="
      },
      "Microsoft.Windows.ImplementationLibrary": {
        "type": "Direct",
        "requested": "[1.0.260126.7, )",
        "resolved": "1.0.260126.7",
        "contentHash": "pXT/6g9/W9uOh7NTpGpArYGSm9W0v5EWM0Njhm3YWgKf+71hii5H5aDcD539jG9IZmjT1eT1pn67n4A6zwEQ+A=="
      }
    }
  }
}